
Microsoft Visual Studio Solution File, Format Version 12.00
# Visual Studio Version 16
VisualStudioVersion = 16.0.30804.86
MinimumVisualStudioVersion = 10.0.40219.1
Project("{FAE04EC0-301F-11D3-BF4B-00C04F79EFBC}") = "RetroCollector", "RetroCollector.csproj", "{8B72E976-E927-47C9-A80F-A79BD8B958A9}"
EndProject
Project("{FAE04EC0-301F-11D3-BF4B-00C04F79EFBC}") = "RetroCollectorUnitTests", "..\RetroCollectorUnitTests\RetroCollectorUnitTests.csproj", "{8132066D-79F8-4D8D-9FEF-151DC937B9D8}"
EndProject
Global
	GlobalSection(SolutionConfigurationPlatforms) = preSolution
		Debug|Any CPU = Debug|Any CPU
		Release|Any CPU = Release|Any CPU
	EndGlobalSection
	GlobalSection(ProjectConfigurationPlatforms) = postSolution
		{8B72E976-E927-47C9-A80F-A79BD8B958A9}.Debug|Any CPU.ActiveCfg = Debug|Any CPU
		{8B72E976-E927-47C9-A80F-A79BD8B958A9}.Debug|Any CPU.Build.0 = Debug|Any CPU
		{8B72E976-E927-47C9-A80F-A79BD8B958A9}.Release|Any CPU.ActiveCfg = Release|Any CPU
		{8B72E976-E927-47C9-A80F-A79BD8B958A9}.Release|Any CPU.Build.0 = Release|Any CPU
		{8132066D-79F8-4D8D-9FEF-151DC937B9D8}.Debug|Any CPU.ActiveCfg = Debug|Any CPU
		{8132066D-79F8-4D8D-9FEF-151DC937B9D8}.Debug|Any CPU.Build.0 = Debug|Any CPU
		{8132066D-79F8-4D8D-9FEF-151DC937B9D8}.Release|Any CPU.ActiveCfg = Release|Any CPU
		{8132066D-79F8-4D8D-9FEF-151DC937B9D8}.Release|Any CPU.Build.0 = Release|Any CPU
	EndGlobalSection
	GlobalSection(SolutionProperties) = preSolution
		HideSolutionNode = FALSE
	EndGlobalSection
	GlobalSection(ExtensibilityGlobals) = postSolution
		SolutionGuid = {BC9D58A0-8B5F-4222-B1DF-58070289B75B}
	EndGlobalSection
EndGlobal
